
Microsoft Visual Studio Solution File, Format Version 12.00
# Visual Studio Version 17
VisualStudioVersion = 17.0.32126.317
MinimumVisualStudioVersion = 10.0.40219.1
Project("{9A19103F-16F7-4668-BE54-9A1E7A4F7556}") = "ExerciseLogger", "ExerciseLogger\ExerciseLogger.csproj", "{FFF398CF-1BD9-45E8-A39F-BA5E60867F56}"
EndProject
Project("{9A19103F-16F7-4668-BE54-9A1E7A4F7556}") = "Contracts", "Contracts\Contracts.csproj", "{EEFDD48C-F701-4C70-B694-DE3D0902E080}"
EndProject
Project("{9A19103F-16F7-4668-BE54-9A1E7A4F7556}") = "LoggerService", "LoggerService\LoggerService.csproj", "{1FA96596-E65B-46FA-84F2-14425FE8E25B}"
EndProject
Project("{9A19103F-16F7-4668-BE54-9A1E7A4F7556}") = "Entities", "Entities\Entities.csproj", "{1B1C3663-9698-4EAC-8C19-0110F7880EBC}"
EndProject
Project("{9A19103F-16F7-4668-BE54-9A1E7A4F7556}") = "Repository", "Repository\Repository.csproj", "{5718DA45-2CD2-4D1F-B89B-9C53506F7F16}"
EndProject
Project("{9A19103F-16F7-4668-BE54-9A1E7A4F7556}") = "Service.Contracts", "Service.Contracts\Service.Contracts.csproj", "{E0213F89-1B20-40AB-8589-EC61243A7DA0}"
EndProject
Project("{9A19103F-16F7-4668-BE54-9A1E7A4F7556}") = "Service", "Service\Service.csproj", "{E4D5081E-6665-4617-BC9E-1437402751AD}"
EndProject
Project("{9A19103F-16F7-4668-BE54-9A1E7A4F7556}") = "ExerciseLogger.Presentation", "ExerciseLogger.Presentation\ExerciseLogger.Presentation.csproj", "{862E6994-547C-4605-BD54-E2B7AF4D1359}"
EndProject
Global
	GlobalSection(SolutionConfigurationPlatforms) = preSolution
		Debug|Any CPU = Debug|Any CPU
		Release|Any CPU = Release|Any CPU
	EndGlobalSection
	GlobalSection(ProjectConfigurationPlatforms) = postSolution
		{FFF398CF-1BD9-45E8-A39F-BA5E60867F56}.Debug|Any CPU.ActiveCfg = Debug|Any CPU
		{FFF398CF-1BD9-45E8-A39F-BA5E60867F56}.Debug|Any CPU.Build.0 = Debug|Any CPU
		{FFF398CF-1BD9-45E8-A39F-BA5E60867F56}.Release|Any CPU.ActiveCfg = Release|Any CPU
		{FFF398CF-1BD9-45E8-A39F-BA5E60867F56}.Release|Any CPU.Build.0 = Release|Any CPU
		{EEFDD48C-F701-4C70-B694-DE3D0902E080}.Debug|Any CPU.ActiveCfg = Debug|Any CPU
		{EEFDD48C-F701-4C70-B694-DE3D0902E080}.Debug|Any CPU.Build.0 = Debug|Any CPU
		{EEFDD48C-F701-4C70-B694-DE3D0902E080}.Release|Any CPU.ActiveCfg = Release|Any CPU
		{EEFDD48C-F701-4C70-B694-DE3D0902E080}.Release|Any CPU.Build.0 = Release|Any CPU
		{1FA96596-E65B-46FA-84F2-14425FE8E25B}.Debug|Any CPU.ActiveCfg = Debug|Any CPU
		{1FA96596-E65B-46FA-84F2-14425FE8E25B}.Debug|Any CPU.Build.0 = Debug|Any CPU
		{1FA96596-E65B-46FA-84F2-14425FE8E25B}.Release|Any CPU.ActiveCfg = Release|Any CPU
		{1FA96596-E65B-46FA-84F2-14425FE8E25B}.Release|Any CPU.Build.0 = Release|Any CPU
		{1B1C3663-9698-4EAC-8C19-0110F7880EBC}.Debug|Any CPU.ActiveCfg = Debug|Any CPU
		{1B1C3663-9698-4EAC-8C19-0110F7880EBC}.Debug|Any CPU.Build.0 = Debug|Any CPU
		{1B1C3663-9698-4EAC-8C19-0110F7880EBC}.Release|Any CPU.ActiveCfg = Release|Any CPU
		{1B1C3663-9698-4EAC-8C19-0110F7880EBC}.Release|Any CPU.Build.0 = Release|Any CPU
		{5718DA45-2CD2-4D1F-B89B-9C53506F7F16}.Debug|Any CPU.ActiveCfg = Debug|Any CPU
		{5718DA45-2CD2-4D1F-B89B-9C53506F7F16}.Debug|Any CPU.Build.0 = Debug|Any CPU
		{5718DA45-2CD2-4D1F-B89B-9C53506F7F16}.Release|Any CPU.ActiveCfg = Release|Any CPU
		{5718DA45-2CD2-4D1F-B89B-9C53506F7F16}.Release|Any CPU.Build.0 = Release|Any CPU
		{E0213F89-1B20-40AB-8589-EC61243A7DA0}.Debug|Any CPU.ActiveCfg = Debug|Any CPU
		{E0213F89-1B20-40AB-8589-EC61243A7DA0}.Debug|Any CPU.Build.0 = Debug|Any CPU
		{E0213F89-1B20-40AB-8589-EC61243A7DA0}.Release|Any CPU.ActiveCfg = Release|Any CPU
		{E0213F89-1B20-40AB-8589-EC61243A7DA0}.Release|Any CPU.Build.0 = Release|Any CPU
		{E4D5081E-6665-4617-BC9E-1437402751AD}.Debug|Any CPU.ActiveCfg = Debug|Any CPU
		{E4D5081E-6665-4617-BC9E-1437402751AD}.Debug|Any CPU.Build.0 = Debug|Any CPU
		{E4D5081E-6665-4617-BC9E-1437402751AD}.Release|Any CPU.ActiveCfg = Release|Any CPU
		{E4D5081E-6665-4617-BC9E-1437402751AD}.Release|Any CPU.Build.0 = Release|Any CPU
		{862E6994-547C-4605-BD54-E2B7AF4D1359}.Debug|Any CPU.ActiveCfg = Debug|Any CPU
		{862E6994-547C-4605-BD54-E2B7AF4D1359}.Debug|Any CPU.Build.0 = Debug|Any CPU
		{862E6994-547C-4605-BD54-E2B7AF4D1359}.Release|Any CPU.ActiveCfg = Release|Any CPU
		{862E6994-547C-4605-BD54-E2B7AF4D1359}.Release|Any CPU.Build.0 = Release|Any CPU
	EndGlobalSection
	GlobalSection(SolutionProperties) = preSolution
		HideSolutionNode = FALSE
	EndGlobalSection
	GlobalSection(ExtensibilityGlobals) = postSolution
		SolutionGuid = {51008D6E-7681-410A-83EF-D64CC79F2EAB}
	EndGlobalSection
EndGlobal
